{
  "name": "@rui/icons-react",
  "version": "1.1.3",
  "lockfileVersion": 1,
  "requires": true,
  "dependencies": {
    "ant-design-palettes": {
      "version": "1.1.3",
      "resolved": "http://r.cnpmjs.org/ant-design-palettes/download/ant-design-palettes-1.1.3.tgz",
      "integrity": "sha1-hBGbGk2GNjrcUqONWH5lM2oKJ90=",
      "requires": {
        "tinycolor2": "^1.4.1"
      }
    },
    "js-tokens": {
      "version": "3.0.2",
      "resolved": "http://registry.npm.taobao.org/js-tokens/download/js-tokens-3.0.2.tgz",
      "integrity": "sha1-mGbfOVECEw449/mWvOtlRDIJwls="
    },
    "loose-envify": {
      "version": "1.4.0",
      "resolved": "http://registry.npm.taobao.org/loose-envify/download/loose-envify-1.4.0.tgz",
      "integrity": "sha1-ce5R+nvkyuwaY4OffmgtgTLTDK8=",
      "requires": {
        "js-tokens": "^3.0.0 || ^4.0.0"
      }
    },
    "object-assign": {
      "version": "4.1.1",
      "resolved": "http://registry.npm.taobao.org/object-assign/download/object-assign-4.1.1.tgz",
      "integrity": "sha1-IQmtx5ZYh8/AXLvUQsrIv7s2CGM="
    },
    "prop-types": {
      "version": "15.6.2",
      "resolved": "http://registry.npm.taobao.org/prop-types/download/prop-types-15.6.2.tgz",
      "integrity": "sha1-BdXKd7RFPphdYPx/+MhZCUpJcQI=",
      "requires": {
        "loose-envify": "^1.3.1",
        "object-assign": "^4.1.1"
      }
    },
    "react": {
      "version": "16.6.1",
      "resolved": "http://registry.npm.taobao.org/react/download/react-16.6.1.tgz",
      "integrity": "sha1-7irvTwoJ5JRZSIICmCEEl3L5Ff4=",
      "requires": {
        "loose-envify": "^1.1.0",
        "object-assign": "^4.1.1",
        "prop-types": "^15.6.2",
        "scheduler": "^0.11.0"
      }
    },
    "react-dom": {
      "version": "16.6.1",
      "resolved": "http://registry.npm.taobao.org/react-dom/download/react-dom-16.6.1.tgz",
      "integrity": "sha1-VHbghpSuUErjhaKLYuzE/joprdk=",
      "requires": {
        "loose-envify": "^1.1.0",
        "object-assign": "^4.1.1",
        "prop-types": "^15.6.2",
        "scheduler": "^0.11.0"
      }
    },
    "scheduler": {
      "version": "0.11.0",
      "resolved": "http://registry.npm.taobao.org/scheduler/download/scheduler-0.11.0.tgz",
      "integrity": "sha1-3vHxv6ZVDMV5gahxBuZeiupBprU=",
      "requires": {
        "loose-envify": "^1.1.0",
        "object-assign": "^4.1.1"
      }
    },
    "tinycolor2": {
      "version": "1.4.1",
      "resolved": "http://r.cnpmjs.org/tinycolor2/download/tinycolor2-1.4.1.tgz",
      "integrity": "sha1-9PrTM0R7wLB9TcjpIJ2POaisd+g="
    }
  }
}
